// !$*UTF8*$!
{
	archiveVersion = 1;
	classes = {
	};
	objectVersion = 50;
	objects = {

/* Begin PBXBuildFile section */
		FB16BD3F27C3AF1200338AB5 /* PreviewFirst.png in Resources */ = {isa = PBXBuildFile; fileRef = FB16BD3D27C3AF1200338AB5 /* PreviewFirst.png */; };
		FB16BD4027C3AF1200338AB5 /* PreviewSecond.png in Resources */ = {isa = PBXBuildFile; fileRef = FB16BD3E27C3AF1200338AB5 /* PreviewSecond.png */; };
		FB77F2992732636400CE5707 /* AppDelegate.swift in Sources */ = {isa = PBXBuildFile; fileRef = FB77F2982732636400CE5707 /* AppDelegate.swift */; };
		FB77F29B2732636400CE5707 /* SceneDelegate.swift in Sources */ = {isa = PBXBuildFile; fileRef = FB77F29A2732636400CE5707 /* SceneDelegate.swift */; };
		FB77F2A02732636400CE5707 /* Main.storyboard in Resources */ = {isa = PBXBuildFile; fileRef = FB77F29E2732636400CE5707 /* Main.storyboard */; };
		FB77F2A22732636500CE5707 /* Assets.xcassets in Resources */ = {isa = PBXBuildFile; fileRef = FB77F2A12732636500CE5707 /* Assets.xcassets */; };
		FB77F2A52732636500CE5707 /* LaunchScreen.storyboard in Resources */ = {isa = PBXBuildFile; fileRef = FB77F2A32732636500CE5707 /* LaunchScreen.storyboard */; };
		FB77F2AD2732655200CE5707 /* EmojiTableViewController.swift in Sources */ = {isa = PBXBuildFile; fileRef = FB77F2AC2732655200CE5707 /* EmojiTableViewController.swift */; };
		FB77F2AF27326CA000CE5707 /* EmojiTableViewCell.swift in Sources */ = {isa = PBXBuildFile; fileRef = FB77F2AE27326CA000CE5707 /* EmojiTableViewCell.swift */; };
		FB77F2B12732709C00CE5707 /* EmojiModel.swift in Sources */ = {isa = PBXBuildFile; fileRef = FB77F2B02732709C00CE5707 /* EmojiModel.swift */; };
		FB77F2B32732A9DE00CE5707 /* NewEmojiTableViewController.swift in Sources */ = {isa = PBXBuildFile; fileRef = FB77F2B22732A9DE00CE5707 /* NewEmojiTableViewController.swift */; };
/* End PBXBuildFile section */

/* Begin PBXFileReference section */
		FB16BD3D27C3AF1200338AB5 /* PreviewFirst.png */ = {isa = PBXFileReference; lastKnownFileType = image.png; path = PreviewFirst.png; sourceTree = SOURCE_ROOT; };
		FB16BD3E27C3AF1200338AB5 /* PreviewSecond.png */ = {isa = PBXFileReference; lastKnownFileType = image.png; path = PreviewSecond.png; sourceTree = SOURCE_ROOT; };
		FB77F2952732636400CE5707 /* EmojiReader.app */ = {isa = PBXFileReference; explicitFileType = wrapper.application; includeInIndex = 0; path = EmojiReader.app; sourceTree = BUILT_PRODUCTS_DIR; };
		FB77F2982732636400CE5707 /* AppDelegate.swift */ = {isa = PBXFileReference; lastKnownFileType = sourcecode.swift; path = AppDelegate.swift; sourceTree = "<group>"; };
		FB77F29A2732636400CE5707 /* SceneDelegate.swift */ = {isa = PBXFileReference; lastKnownFileType = sourcecode.swift; path = SceneDelegate.swift; sourceTree = "<group>"; };
		FB77F29F2732636400CE5707 /* Base */ = {isa = PBXFileReference; lastKnownFileType = file.storyboard; name = Base; path = Base.lproj/Main.storyboard; sourceTree = "<group>"; };
		FB77F2A12732636500CE5707 /* Assets.xcassets */ = {isa = PBXFileReference; lastKnownFileType = folder.assetcatalog; path = Assets.xcassets; sourceTree = "<group>"; };
		FB77F2A42732636500CE5707 /* Base */ = {isa = PBXFileReference; lastKnownFileType = file.storyboard; name = Base; path = Base.lproj/LaunchScreen.storyboard; sourceTree = "<group>"; };
		FB77F2A62732636500CE5707 /* Info.plist */ = {isa = PBXFileReference; lastKnownFileType = text.plist.xml; path = Info.plist; sourceTree = "<group>"; };
		FB77F2AC2732655200CE5707 /* EmojiTableViewController.swift */ = {isa = PBXFileReference; lastKnownFileType = sourcecode.swift; path = EmojiTableViewController.swift; sourceTree = "<group>"; };
		FB77F2AE27326CA000CE5707 /* EmojiTableViewCell.swift */ = {isa = PBXFileReference; lastKnownFileType = sourcecode.swift; path = EmojiTableViewCell.swift; sourceTree = "<group>"; };
		FB77F2B02732709C00CE5707 /* EmojiModel.swift */ = {isa = PBXFileReference; lastKnownFileType = sourcecode.swift; path = EmojiModel.swift; sourceTree = "<group>"; };
		FB77F2B22732A9DE00CE5707 /* NewEmojiTableViewController.swift */ = {isa = PBXFileReference; lastKnownFileType = sourcecode.swift; path = NewEmojiTableViewController.swift; sourceTree = "<group>"; };
/* End PBXFileReference section */

/* Begin PBXFrameworksBuildPhase section */
		FB77F2922732636400CE5707 /* Frameworks */ = {
			isa = PBXFrameworksBuildPhase;
			buildActionMask = 2147483647;
			files = (
			);
			runOnlyForDeploymentPostprocessing = 0;
		};
/* End PBXFrameworksBuildPhase section */

/* Begin PBXGroup section */
		FB77F28C2732636400CE5707 = {
			isa = PBXGroup;
			children = (
				FB77F2972732636400CE5707 /* EmojiReader */,
				FB77F2962732636400CE5707 /* Products */,
			);
			sourceTree = "<group>";
		};
		FB77F2962732636400CE5707 /* Products */ = {
			isa = PBXGroup;
			children = (
				FB77F2952732636400CE5707 /* EmojiReader.app */,
			);
			name = Products;
			sourceTree = "<group>";
		};
		FB77F2972732636400CE5707 /* EmojiReader */ = {
			isa = PBXGroup;
			children = (
				FB77F2982732636400CE5707 /* AppDelegate.swift */,
				FB77F29A2732636400CE5707 /* SceneDelegate.swift */,
				FB77F29E2732636400CE5707 /* Main.storyboard */,
				FB77F2B22732A9DE00CE5707 /* NewEmojiTableViewController.swift */,
				FB77F2AE27326CA000CE5707 /* EmojiTableViewCell.swift */,
				FB77F2AC2732655200CE5707 /* EmojiTableViewController.swift */,
				FB77F2B02732709C00CE5707 /* EmojiModel.swift */,
				FB77F2A12732636500CE5707 /* Assets.xcassets */,
				FB77F2A32732636500CE5707 /* LaunchScreen.storyboard */,
				FB77F2A62732636500CE5707 /* Info.plist */,
				FB16BD3D27C3AF1200338AB5 /* PreviewFirst.png */,
				FB16BD3E27C3AF1200338AB5 /* PreviewSecond.png */,
			);
			path = EmojiReader;
			sourceTree = "<group>";
		};
/* End PBXGroup section */

/* Begin PBXNativeTarget section */
		FB77F2942732636400CE5707 /* EmojiReader */ = {
			isa = PBXNativeTarget;
			buildConfigurationList = FB77F2A92732636500CE5707 /* Build configuration list for PBXNativeTarget "EmojiReader" */;
			buildPhases = (
				FB77F2912732636400CE5707 /* Sources */,
				FB77F2922732636400CE5707 /* Frameworks */,
				FB77F2932732636400CE5707 /* Resources */,
			);
			buildRules = (
			);
			dependencies = (
			);
			name = EmojiReader;
			productName = EmojiReader;
			productReference = FB77F2952732636400CE5707 /* EmojiReader.app */;
			productType = "com.apple.product-type.application";
		};
/* End PBXNativeTarget section */

/* Begin PBXProject section */
		FB77F28D2732636400CE5707 /* Project object */ = {
			isa = PBXProject;
			attributes = {
				LastSwiftUpdateCheck = 1250;
				LastUpgradeCheck = 1250;
				TargetAttributes = {
					FB77F2942732636400CE5707 = {
						CreatedOnToolsVersion = 12.5.1;
					};
				};
			};
			buildConfigurationList = FB77F2902732636400CE5707 /* Build configuration list for PBXProject "EmojiReader" */;
			compatibilityVersion = "Xcode 9.3";
			developmentRegion = en;
			hasScannedForEncodings = 0;
			knownRegions = (
				en,
				Base,
			);
			mainGroup = FB77F28C2732636400CE5707;
			productRefGroup = FB77F2962732636400CE5707 /* Products */;
			projectDirPath = "";
			projectRoot = "";
			targets = (
				FB77F2942732636400CE5707 /* EmojiReader */,
			);
		};
/* End PBXProject section */

/* Begin PBXResourcesBuildPhase section */
		FB77F2932732636400CE5707 /* Resources */ = {
			isa = PBXResourcesBuildPhase;
			buildActionMask = 2147483647;
			files = (
				FB16BD4027C3AF1200338AB5 /* PreviewSecond.png in Resources */,
				FB77F2A52732636500CE5707 /* LaunchScreen.storyboard in Resources */,
				FB16BD3F27C3AF1200338AB5 /* PreviewFirst.png in Resources */,
				FB77F2A22732636500CE5707 /* Assets.xcassets in Resources */,
				FB77F2A02732636400CE5707 /* Main.storyboard in Resources */,
			);
			runOnlyForDeploymentPostprocessing = 0;
		};
/* End PBXResourcesBuildPhase section */

/* Begin PBXSourcesBuildPhase section */
		FB77F2912732636400CE5707 /* Sources */ = {
			isa = PBXSourcesBuildPhase;
			buildActionMask = 2147483647;
			files = (
				FB77F2AD2732655200CE5707 /* EmojiTableViewController.swift in Sources */,
				FB77F2B12732709C00CE5707 /* EmojiModel.swift in Sources */,
				FB77F2AF27326CA000CE5707 /* EmojiTableViewCell.swift in Sources */,
				FB77F2B32732A9DE00CE5707 /* NewEmojiTableViewController.swift in Sources */,
				FB77F2992732636400CE5707 /* AppDelegate.swift in Sources */,
				FB77F29B2732636400CE5707 /* SceneDelegate.swift in Sources */,
			);
			runOnlyForDeploymentPostprocessing = 0;
		};
/* End PBXSourcesBuildPhase section */

/* Begin PBXVariantGroup section */
		FB77F29E2732636400CE5707 /* Main.storyboard */ = {
			isa = PBXVariantGroup;
			children = (
				FB77F29F2732636400CE5707 /* Base */,
			);
			name = Main.storyboard;
			sourceTree = "<group>";
		};
		FB77F2A32732636500CE5707 /* LaunchScreen.storyboard */ = {
			isa = PBXVariantGroup;
			children = (
				FB77F2A42732636500CE5707 /* Base */,
			);
			name = LaunchScreen.storyboard;
			sourceTree = "<group>";
		};
/* End PBXVariantGroup section */

/* Begin XCBuildConfiguration section */
		FB77F2A72732636500CE5707 /* Debug */ = {
			isa = XCBuildConfiguration;
			buildSettings = {
				ALWAYS_SEARCH_USER_PATHS = NO;
				CLANG_ANALYZER_NONNULL = YES;
				CLANG_ANALYZER_NUMBER_OBJECT_CONVERSION = YES_AGGRESSIVE;
				CLANG_CXX_LANGUAGE_STANDARD = "gnu++14";
				CLANG_CXX_LIBRARY = "libc++";
				CLANG_ENABLE_MODULES = YES;
				CLANG_ENABLE_OBJC_ARC = YES;
				CLANG_ENABLE_OBJC_WEAK = YES;
				CLANG_WARN_BLOCK_CAPTURE_AUTORELEASING = YES;
				CLANG_WARN_BOOL_CONVERSION = YES;
				CLANG_WARN_COMMA = YES;
				CLANG_WARN_CONSTANT_CONVERSION = YES;
				CLANG_WARN_DEPRECATED_OBJC_IMPLEMENTATIONS = YES;
				CLANG_WARN_DIRECT_OBJC_ISA_USAGE = YES_ERROR;
				CLANG_WARN_DOCUMENTATION_COMMENTS = YES;
				CLANG_WARN_EMPTY_BODY = YES;
				CLANG_WARN_ENUM_CONVERSION = YES;
				CLANG_WARN_INFINITE_RECURSION = YES;
				CLANG_WARN_INT_CONVERSION = YES;
				CLANG_WARN_NON_LITERAL_NULL_CONVERSION = YES;
				CLANG_WARN_OBJC_IMPLICIT_RETAIN_SELF = YES;
				CLANG_WARN_OBJC_LITERAL_CONVERSION = YES;
				CLANG_WARN_OBJC_ROOT_CLASS = YES_ERROR;
				CLANG_WARN_QUOTED_INCLUDE_IN_FRAMEWORK_HEADER = YES;
				CLANG_WARN_RANGE_LOOP_ANALYSIS = YES;
				CLANG_WARN_STRICT_PROTOTYPES = YES;
				CLANG_WARN_SUSPICIOUS_MOVE = YES;
				CLANG_WARN_UNGUARDED_AVAILABILITY = YES_AGGRESSIVE;
				CLANG_WARN_UNREACHABLE_CODE = YES;
				CLANG_WARN__DUPLICATE_METHOD_MATCH = YES;
				COPY_PHASE_STRIP = NO;
				DEBUG_INFORMATION_FORMAT = dwarf;
				ENABLE_STRICT_OBJC_MSGSEND = YES;
				ENABLE_TESTABILITY = YES;
				GCC_C_LANGUAGE_STANDARD = gnu11;
				GCC_DYNAMIC_NO_PIC = NO;
				GCC_NO_COMMON_BLOCKS = YES;
				GCC_OPTIMIZATION_LEVEL = 0;
				GCC_PREPROCESSOR_DEFINITIONS = (
					"DEBUG=1",
					"$(inherited)",
				);
				GCC_WARN_64_TO_32_BIT_CONVERSION = YES;
				GCC_WARN_ABOUT_RETURN_TYPE = YES_ERROR;
				GCC_WARN_UNDECLARED_SELECTOR = YES;
				GCC_WARN_UNINITIALIZED_AUTOS = YES_AGGRESSIVE;
				GCC_WARN_UNUSED_FUNCTION = YES;
				GCC_WARN_UNUSED_VARIABLE = YES;
				IPHONEOS_DEPLOYMENT_TARGET = 14.5;
				MTL_ENABLE_DEBUG_INFO = INCLUDE_SOURCE;
				MTL_FAST_MATH = YES;
				ONLY_ACTIVE_ARCH = YES;
				SDKROOT = iphoneos;
				SWIFT_ACTIVE_COMPILATION_CONDITIONS = DEBUG;
				SWIFT_OPTIMIZATION_LEVEL = "-Onone";
			};
			name = Debug;
		};
		FB77F2A82732636500CE5707 /* Release */ = {
			isa = XCBuildConfiguration;
			buildSettings = {
				ALWAYS_SEARCH_USER_PATHS = NO;
				CLANG_ANALYZER_NONNULL = YES;
				CLANG_ANALYZER_NUMBER_OBJECT_CONVERSION = YES_AGGRESSIVE;
				CLANG_CXX_LANGUAGE_STANDARD = "gnu++14";
				CLANG_CXX_LIBRARY = "libc++";
				CLANG_ENABLE_MODULES = YES;
				CLANG_ENABLE_OBJC_ARC = YES;
				CLANG_ENABLE_OBJC_WEAK = YES;
				CLANG_WARN_BLOCK_CAPTURE_AUTORELEASING = YES;
				CLANG_WARN_BOOL_CONVERSION = YES;
				CLANG_WARN_COMMA = YES;
				CLANG_WARN_CONSTANT_CONVERSION = YES;
				CLANG_WARN_DEPRECATED_OBJC_IMPLEMENTATIONS = YES;
				CLANG_WARN_DIRECT_OBJC_ISA_USAGE = YES_ERROR;
				CLANG_WARN_DOCUMENTATION_COMMENTS = YES;
				CLANG_WARN_EMPTY_BODY = YES;
				CLANG_WARN_ENUM_CONVERSION = YES;
				CLANG_WARN_INFINITE_RECURSION = YES;
				CLANG_WARN_INT_CONVERSION = YES;
				CLANG_WARN_NON_LITERAL_NULL_CONVERSION = YES;
				CLANG_WARN_OBJC_IMPLICIT_RETAIN_SELF = YES;
				CLANG_WARN_OBJC_LITERAL_CONVERSION = YES;
				CLANG_WARN_OBJC_ROOT_CLASS = YES_ERROR;
				CLANG_WARN_QUOTED_INCLUDE_IN_FRAMEWORK_HEADER = YES;
				CLANG_WARN_RANGE_LOOP_ANALYSIS = YES;
				CLANG_WARN_STRICT_PROTOTYPES = YES;
				CLANG_WARN_SUSPICIOUS_MOVE = YES;
				CLANG_WARN_UNGUARDED_AVAILABILITY = YES_AGGRESSIVE;
				CLANG_WARN_UNREACHABLE_CODE = YES;
				CLANG_WARN__DUPLICATE_METHOD_MATCH = YES;
				COPY_PHASE_STRIP = NO;
				DEBUG_INFORMATION_FORMAT = "dwarf-with-dsym";
				ENABLE_NS_ASSERTIONS = NO;
				ENABLE_STRICT_OBJC_MSGSEND = YES;
				GCC_C_LANGUAGE_STANDARD = gnu11;
				GCC_NO_COMMON_BLOCKS = YES;
				GCC_WARN_64_TO_32_BIT_CONVERSION = YES;
				GCC_WARN_ABOUT_RETURN_TYPE = YES_ERROR;
				GCC_WARN_UNDECLARED_SELECTOR = YES;
				GCC_WARN_UNINITIALIZED_AUTOS = YES_AGGRESSIVE;
				GCC_WARN_UNUSED_FUNCTION = YES;
				GCC_WARN_UNUSED_VARIABLE = YES;
				IPHONEOS_DEPLOYMENT_TARGET = 14.5;
				MTL_ENABLE_DEBUG_INFO = NO;
				MTL_FAST_MATH = YES;
				SDKROOT = iphoneos;
				SWIFT_COMPILATION_MODE = wholemodule;
				SWIFT_OPTIMIZATION_LEVEL = "-O";
				VALIDATE_PRODUCT = YES;
			};
			name = Release;
		};
		FB77F2AA2732636500CE5707 /* Debug */ = {
			isa = XCBuildConfiguration;
			buildSettings = {
				ASSETCATALOG_COMPILER_APPICON_NAME = AppIcon;
				ASSETCATALOG_COMPILER_GLOBAL_ACCENT_COLOR_NAME = AccentColor;
				CODE_SIGN_STYLE = Automatic;
				DEVELOPMENT_TEAM = DVBMX6UX88;
				INFOPLIST_FILE = EmojiReader/Info.plist;
				LD_RUNPATH_SEARCH_PATHS = (
					"$(inherited)",
					"@executable_path/Frameworks",
				);
				PRODUCT_BUNDLE_IDENTIFIER = "Khryapin-Vitalya.EmojiReader";
				PRODUCT_NAME = "$(TARGET_NAME)";
				SWIFT_VERSION = 5.0;
				TARGETED_DEVICE_FAMILY = "1,2";
			};
			name = Debug;
		};
		FB77F2AB2732636500CE5707 /* Release */ = {
			isa = XCBuildConfiguration;
			buildSettings = {
				ASSETCATALOG_COMPILER_APPICON_NAME = AppIcon;
				ASSETCATALOG_COMPILER_GLOBAL_ACCENT_COLOR_NAME = AccentColor;
				CODE_SIGN_STYLE = Automatic;
				DEVELOPMENT_TEAM = DVBMX6UX88;
				INFOPLIST_FILE = EmojiReader/Info.plist;
				LD_RUNPATH_SEARCH_PATHS = (
					"$(inherited)",
					"@executable_path/Frameworks",
				);
				PRODUCT_BUNDLE_IDENTIFIER = "Khryapin-Vitalya.EmojiReader";
				PRODUCT_NAME = "$(TARGET_NAME)";
				SWIFT_VERSION = 5.0;
				TARGETED_DEVICE_FAMILY = "1,2";
			};
			name = Release;
		};
/* End XCBuildConfiguration section */

/* Begin XCConfigurationList section */
		FB77F2902732636400CE5707 /* Build configuration list for PBXProject "EmojiReader" */ = {
			isa = XCConfigurationList;
			buildConfigurations = (
				FB77F2A72732636500CE5707 /* Debug */,
				FB77F2A82732636500CE5707 /* Release */,
			);
			defaultConfigurationIsVisible = 0;
			defaultConfigurationName = Release;
		};
		FB77F2A92732636500CE5707 /* Build configuration list for PBXNativeTarget "EmojiReader" */ = {
			isa = XCConfigurationList;
			buildConfigurations = (
				FB77F2AA2732636500CE5707 /* Debug */,
				FB77F2AB2732636500CE5707 /* Release */,
			);
			defaultConfigurationIsVisible = 0;
			defaultConfigurationName = Release;
		};
/* End XCConfigurationList section */
	};
	rootObject = FB77F28D2732636400CE5707 /* Project object */;
}
